
Microsoft Visual Studio Solution File, Format Version 12.00
# Visual Studio Version 16
VisualStudioVersion = 16.0.29613.14
MinimumVisualStudioVersion = 15.0.26124.0
Project("{2150E333-8FDC-42A3-9474-1A3956D46DE8}") = "WebApi", "WebApi", "{25E20C89-738D-4029-88F7-2E9DF4411BD4}"
EndProject
Project("{2150E333-8FDC-42A3-9474-1A3956D46DE8}") = "Service", "Service", "{AE98725A-9907-4A19-B66A-868AB56EC8B4}"
EndProject
Project("{2150E333-8FDC-42A3-9474-1A3956D46DE8}") = "Domain", "Domain", "{F5A635CB-18F7-48B1-928E-50BEE3C94E4B}"
EndProject
Project("{2150E333-8FDC-42A3-9474-1A3956D46DE8}") = "Infrastructure", "Infrastructure", "{6E688567-AEBF-4217-80DC-857F6E6FCFB6}"
EndProject
Project("{2150E333-8FDC-42A3-9474-1A3956D46DE8}") = "Repository", "Repository", "{BF3666DE-446E-424C-BE7E-29F55231A2E3}"
EndProject
Project("{2150E333-8FDC-42A3-9474-1A3956D46DE8}") = "CrossCutting", "CrossCutting", "{FF54B29C-ADF4-4A19-8DA7-D1D68F2FB2A2}"
EndProject
Project("{FAE04EC0-301F-11D3-BF4B-00C04F79EFBC}") = "CarRental.Domain", "CarRental.Domain\CarRental.Domain.csproj", "{2D3E28FA-F4E3-41BA-8364-CD1719F943E0}"
EndProject
Project("{FAE04EC0-301F-11D3-BF4B-00C04F79EFBC}") = "CarRental.Service", "CarRental.Service\CarRental.Service.csproj", "{7CA48EB5-2233-49E7-BF03-D29C309C31BF}"
EndProject
Project("{FAE04EC0-301F-11D3-BF4B-00C04F79EFBC}") = "CarRental.Repository", "CarRental.Repository\CarRental.Repository.csproj", "{1AB3ADF4-2621-46EE-90C9-98A6D5648CC0}"
EndProject
Project("{FAE04EC0-301F-11D3-BF4B-00C04F79EFBC}") = "CarRental.CrossCutting", "CarRental.CrossCutting\CarRental.CrossCutting.csproj", "{20326A8D-36EB-4A9B-8EB0-51E192709565}"
EndProject
Project("{FAE04EC0-301F-11D3-BF4B-00C04F79EFBC}") = "CarRental.Web", "CarRental.Web\CarRental.Web.csproj", "{2C55E608-E081-478C-88D0-1004E6F69B7A}"
EndProject
Project("{2150E333-8FDC-42A3-9474-1A3956D46DE8}") = "Test", "Test", "{5C43DAD6-AA60-41CA-9544-471DB55913A4}"
EndProject
Project("{FAE04EC0-301F-11D3-BF4B-00C04F79EFBC}") = "CarRental.Test", "CarRental.Test\CarRental.Test.csproj", "{8A9989DA-D1B4-4172-AEE0-9F1A75BE35E4}"
EndProject
Global
	GlobalSection(SolutionConfigurationPlatforms) = preSolution
		Debug|Any CPU = Debug|Any CPU
		Debug|x64 = Debug|x64
		Debug|x86 = Debug|x86
		Release|Any CPU = Release|Any CPU
		Release|x64 = Release|x64
		Release|x86 = Release|x86
	EndGlobalSection
	GlobalSection(ProjectConfigurationPlatforms) = postSolution
		{2D3E28FA-F4E3-41BA-8364-CD1719F943E0}.Debug|Any CPU.ActiveCfg = Debug|Any CPU
		{2D3E28FA-F4E3-41BA-8364-CD1719F943E0}.Debug|Any CPU.Build.0 = Debug|Any CPU
		{2D3E28FA-F4E3-41BA-8364-CD1719F943E0}.Debug|x64.ActiveCfg = Debug|Any CPU
		{2D3E28FA-F4E3-41BA-8364-CD1719F943E0}.Debug|x64.Build.0 = Debug|Any CPU
		{2D3E28FA-F4E3-41BA-8364-CD1719F943E0}.Debug|x86.ActiveCfg = Debug|Any CPU
		{2D3E28FA-F4E3-41BA-8364-CD1719F943E0}.Debug|x86.Build.0 = Debug|Any CPU
		{2D3E28FA-F4E3-41BA-8364-CD1719F943E0}.Release|Any CPU.ActiveCfg = Release|Any CPU
		{2D3E28FA-F4E3-41BA-8364-CD1719F943E0}.Release|Any CPU.Build.0 = Release|Any CPU
		{2D3E28FA-F4E3-41BA-8364-CD1719F943E0}.Release|x64.ActiveCfg = Release|Any CPU
		{2D3E28FA-F4E3-41BA-8364-CD1719F943E0}.Release|x64.Build.0 = Release|Any CPU
		{2D3E28FA-F4E3-41BA-8364-CD1719F943E0}.Release|x86.ActiveCfg = Release|Any CPU
		{2D3E28FA-F4E3-41BA-8364-CD1719F943E0}.Release|x86.Build.0 = Release|Any CPU
		{7CA48EB5-2233-49E7-BF03-D29C309C31BF}.Debug|Any CPU.ActiveCfg = Debug|Any CPU
		{7CA48EB5-2233-49E7-BF03-D29C309C31BF}.Debug|Any CPU.Build.0 = Debug|Any CPU
		{7CA48EB5-2233-49E7-BF03-D29C309C31BF}.Debug|x64.ActiveCfg = Debug|Any CPU
		{7CA48EB5-2233-49E7-BF03-D29C309C31BF}.Debug|x64.Build.0 = Debug|Any CPU
		{7CA48EB5-2233-49E7-BF03-D29C309C31BF}.Debug|x86.ActiveCfg = Debug|Any CPU
		{7CA48EB5-2233-49E7-BF03-D29C309C31BF}.Debug|x86.Build.0 = Debug|Any CPU
		{7CA48EB5-2233-49E7-BF03-D29C309C31BF}.Release|Any CPU.ActiveCfg = Release|Any CPU
		{7CA48EB5-2233-49E7-BF03-D29C309C31BF}.Release|Any CPU.Build.0 = Release|Any CPU
		{7CA48EB5-2233-49E7-BF03-D29C309C31BF}.Release|x64.ActiveCfg = Release|Any CPU
		{7CA48EB5-2233-49E7-BF03-D29C309C31BF}.Release|x64.Build.0 = Release|Any CPU
		{7CA48EB5-2233-49E7-BF03-D29C309C31BF}.Release|x86.ActiveCfg = Release|Any CPU
		{7CA48EB5-2233-49E7-BF03-D29C309C31BF}.Release|x86.Build.0 = Release|Any CPU
		{1AB3ADF4-2621-46EE-90C9-98A6D5648CC0}.Debug|Any CPU.ActiveCfg = Debug|Any CPU
		{1AB3ADF4-2621-46EE-90C9-98A6D5648CC0}.Debug|Any CPU.Build.0 = Debug|Any CPU
		{1AB3ADF4-2621-46EE-90C9-98A6D5648CC0}.Debug|x64.ActiveCfg = Debug|Any CPU
		{1AB3ADF4-2621-46EE-90C9-98A6D5648CC0}.Debug|x64.Build.0 = Debug|Any CPU
		{1AB3ADF4-2621-46EE-90C9-98A6D5648CC0}.Debug|x86.ActiveCfg = Debug|Any CPU
		{1AB3ADF4-2621-46EE-90C9-98A6D5648CC0}.Debug|x86.Build.0 = Debug|Any CPU
		{1AB3ADF4-2621-46EE-90C9-98A6D5648CC0}.Release|Any CPU.ActiveCfg = Release|Any CPU
		{1AB3ADF4-2621-46EE-90C9-98A6D5648CC0}.Release|Any CPU.Build.0 = Release|Any CPU
		{1AB3ADF4-2621-46EE-90C9-98A6D5648CC0}.Release|x64.ActiveCfg = Release|Any CPU
		{1AB3ADF4-2621-46EE-90C9-98A6D5648CC0}.Release|x64.Build.0 = Release|Any CPU
		{1AB3ADF4-2621-46EE-90C9-98A6D5648CC0}.Release|x86.ActiveCfg = Release|Any CPU
		{1AB3ADF4-2621-46EE-90C9-98A6D5648CC0}.Release|x86.Build.0 = Release|Any CPU
		{20326A8D-36EB-4A9B-8EB0-51E192709565}.Debug|Any CPU.ActiveCfg = Debug|Any CPU
		{20326A8D-36EB-4A9B-8EB0-51E192709565}.Debug|Any CPU.Build.0 = Debug|Any CPU
		{20326A8D-36EB-4A9B-8EB0-51E192709565}.Debug|x64.ActiveCfg = Debug|Any CPU
		{20326A8D-36EB-4A9B-8EB0-51E192709565}.Debug|x64.Build.0 = Debug|Any CPU
		{20326A8D-36EB-4A9B-8EB0-51E192709565}.Debug|x86.ActiveCfg = Debug|Any CPU
		{20326A8D-36EB-4A9B-8EB0-51E192709565}.Debug|x86.Build.0 = Debug|Any CPU
		{20326A8D-36EB-4A9B-8EB0-51E192709565}.Release|Any CPU.ActiveCfg = Release|Any CPU
		{20326A8D-36EB-4A9B-8EB0-51E192709565}.Release|Any CPU.Build.0 = Release|Any CPU
		{20326A8D-36EB-4A9B-8EB0-51E192709565}.Release|x64.ActiveCfg = Release|Any CPU
		{20326A8D-36EB-4A9B-8EB0-51E192709565}.Release|x64.Build.0 = Release|Any CPU
		{20326A8D-36EB-4A9B-8EB0-51E192709565}.Release|x86.ActiveCfg = Release|Any CPU
		{20326A8D-36EB-4A9B-8EB0-51E192709565}.Release|x86.Build.0 = Release|Any CPU
		{2C55E608-E081-478C-88D0-1004E6F69B7A}.Debug|Any CPU.ActiveCfg = Debug|Any CPU
		{2C55E608-E081-478C-88D0-1004E6F69B7A}.Debug|Any CPU.Build.0 = Debug|Any CPU
		{2C55E608-E081-478C-88D0-1004E6F69B7A}.Debug|x64.ActiveCfg = Debug|Any CPU
		{2C55E608-E081-478C-88D0-1004E6F69B7A}.Debug|x64.Build.0 = Debug|Any CPU
		{2C55E608-E081-478C-88D0-1004E6F69B7A}.Debug|x86.ActiveCfg = Debug|Any CPU
		{2C55E608-E081-478C-88D0-1004E6F69B7A}.Debug|x86.Build.0 = Debug|Any CPU
		{2C55E608-E081-478C-88D0-1004E6F69B7A}.Release|Any CPU.ActiveCfg = Release|Any CPU
		{2C55E608-E081-478C-88D0-1004E6F69B7A}.Release|Any CPU.Build.0 = Release|Any CPU
		{2C55E608-E081-478C-88D0-1004E6F69B7A}.Release|x64.ActiveCfg = Release|Any CPU
		{2C55E608-E081-478C-88D0-1004E6F69B7A}.Release|x64.Build.0 = Release|Any CPU
		{2C55E608-E081-478C-88D0-1004E6F69B7A}.Release|x86.ActiveCfg = Release|Any CPU
		{2C55E608-E081-478C-88D0-1004E6F69B7A}.Release|x86.Build.0 = Release|Any CPU
		{8A9989DA-D1B4-4172-AEE0-9F1A75BE35E4}.Debug|Any CPU.ActiveCfg = Debug|Any CPU
		{8A9989DA-D1B4-4172-AEE0-9F1A75BE35E4}.Debug|Any CPU.Build.0 = Debug|Any CPU
		{8A9989DA-D1B4-4172-AEE0-9F1A75BE35E4}.Debug|x64.ActiveCfg = Debug|Any CPU
		{8A9989DA-D1B4-4172-AEE0-9F1A75BE35E4}.Debug|x64.Build.0 = Debug|Any CPU
		{8A9989DA-D1B4-4172-AEE0-9F1A75BE35E4}.Debug|x86.ActiveCfg = Debug|Any CPU
		{8A9989DA-D1B4-4172-AEE0-9F1A75BE35E4}.Debug|x86.Build.0 = Debug|Any CPU
		{8A9989DA-D1B4-4172-AEE0-9F1A75BE35E4}.Release|Any CPU.ActiveCfg = Release|Any CPU
		{8A9989DA-D1B4-4172-AEE0-9F1A75BE35E4}.Release|Any CPU.Build.0 = Release|Any CPU
		{8A9989DA-D1B4-4172-AEE0-9F1A75BE35E4}.Release|x64.ActiveCfg = Release|Any CPU
		{8A9989DA-D1B4-4172-AEE0-9F1A75BE35E4}.Release|x64.Build.0 = Release|Any CPU
		{8A9989DA-D1B4-4172-AEE0-9F1A75BE35E4}.Release|x86.ActiveCfg = Release|Any CPU
		{8A9989DA-D1B4-4172-AEE0-9F1A75BE35E4}.Release|x86.Build.0 = Release|Any CPU
	EndGlobalSection
	GlobalSection(SolutionProperties) = preSolution
		HideSolutionNode = FALSE
	EndGlobalSection
	GlobalSection(NestedProjects) = preSolution
		{BF3666DE-446E-424C-BE7E-29F55231A2E3} = {6E688567-AEBF-4217-80DC-857F6E6FCFB6}
		{FF54B29C-ADF4-4A19-8DA7-D1D68F2FB2A2} = {6E688567-AEBF-4217-80DC-857F6E6FCFB6}
		{2D3E28FA-F4E3-41BA-8364-CD1719F943E0} = {F5A635CB-18F7-48B1-928E-50BEE3C94E4B}
		{7CA48EB5-2233-49E7-BF03-D29C309C31BF} = {AE98725A-9907-4A19-B66A-868AB56EC8B4}
		{1AB3ADF4-2621-46EE-90C9-98A6D5648CC0} = {BF3666DE-446E-424C-BE7E-29F55231A2E3}
		{20326A8D-36EB-4A9B-8EB0-51E192709565} = {FF54B29C-ADF4-4A19-8DA7-D1D68F2FB2A2}
		{2C55E608-E081-478C-88D0-1004E6F69B7A} = {25E20C89-738D-4029-88F7-2E9DF4411BD4}
		{8A9989DA-D1B4-4172-AEE0-9F1A75BE35E4} = {5C43DAD6-AA60-41CA-9544-471DB55913A4}
	EndGlobalSection
	GlobalSection(ExtensibilityGlobals) = postSolution
		SolutionGuid = {FD50F39F-8089-40CD-AA1A-FCAB395EDABB}
	EndGlobalSection
EndGlobal
